{
  "name": "bals-clock2013",
  "version": "1.0.0",
  "lockfileVersion": 3,
  "requires": true,
  "packages": {
    "": {
      "name": "bals-clock2013",
      "version": "1.0.0",
      "dependencies": {
        "@mstssk/serve": "latest"
      }
    },
    "node_modules/@mstssk/serve": {
      "version": "0.0.5",
      "resolved": "https://registry.npmjs.org/@mstssk/serve/-/serve-0.0.5.tgz",
      "integrity": "sha512-4qTTaDN7hFP1leY4LT5Ts9psaP4uVKS/9cn+UdRl3VYK/KUMD+gI3drsBllbA9vDoF40HJlf15lAJ6XCJXAHxg==",
      "license": "MIT",
      "bin": {
        "serve": "bin/serve.mjs"
      }
    }
  }
}
